
Microsoft Visual Studio Solution File, Format Version 12.00
# Visual Studio Version 16
VisualStudioVersion = 16.0.30523.141
MinimumVisualStudioVersion = 10.0.40219.1
Project("{9A19103F-16F7-4668-BE54-9A1E7A4F7556}") = "OnlineNotepad", "OnlineNotepad\OnlineNotepad.csproj", "{1B4FC8F1-C133-4FE5-B051-13DDA3558AE6}"
EndProject
Project("{FAE04EC0-301F-11D3-BF4B-00C04F79EFBC}") = "OnlineNotepad.Tests", "OnlineNotepad.Tests\OnlineNotepad.Tests.csproj", "{432C2AEA-38E3-404C-9369-ED637973D943}"
EndProject
Global
	GlobalSection(SolutionConfigurationPlatforms) = preSolution
		Debug|Any CPU = Debug|Any CPU
		Release|Any CPU = Release|Any CPU
	EndGlobalSection
	GlobalSection(ProjectConfigurationPlatforms) = postSolution
		{1B4FC8F1-C133-4FE5-B051-13DDA3558AE6}.Debug|Any CPU.ActiveCfg = Debug|Any CPU
		{1B4FC8F1-C133-4FE5-B051-13DDA3558AE6}.Debug|Any CPU.Build.0 = Debug|Any CPU
		{1B4FC8F1-C133-4FE5-B051-13DDA3558AE6}.Release|Any CPU.ActiveCfg = Release|Any CPU
		{1B4FC8F1-C133-4FE5-B051-13DDA3558AE6}.Release|Any CPU.Build.0 = Release|Any CPU
		{432C2AEA-38E3-404C-9369-ED637973D943}.Debug|Any CPU.ActiveCfg = Debug|Any CPU
		{432C2AEA-38E3-404C-9369-ED637973D943}.Debug|Any CPU.Build.0 = Debug|Any CPU
		{432C2AEA-38E3-404C-9369-ED637973D943}.Release|Any CPU.ActiveCfg = Release|Any CPU
		{432C2AEA-38E3-404C-9369-ED637973D943}.Release|Any CPU.Build.0 = Release|Any CPU
	EndGlobalSection
	GlobalSection(SolutionProperties) = preSolution
		HideSolutionNode = FALSE
	EndGlobalSection
	GlobalSection(ExtensibilityGlobals) = postSolution
		SolutionGuid = {FC2B8A7B-ED1D-4465-815F-E3527021D3E8}
	EndGlobalSection
EndGlobal
